
Microsoft Visual Studio Solution File, Format Version 12.00
# Visual Studio Version 17
VisualStudioVersion = 17.6.33723.286
MinimumVisualStudioVersion = 10.0.40219.1
Project("{9A19103F-16F7-4668-BE54-9A1E7A4F7556}") = "APIRest_WEBBlazor.API", "APIRest_WEBBlazor.API\APIRest_WEBBlazor.API.csproj", "{FB14F250-C8E0-4065-90C9-39648F45563E}"
EndProject
Project("{9A19103F-16F7-4668-BE54-9A1E7A4F7556}") = "APIRest_WEBBlazor.Shared", "APIRest_WEBBlazor.Shared\APIRest_WEBBlazor.Shared.csproj", "{15628D8E-CC69-4E74-A976-EB5308F6F4F1}"
EndProject
Project("{9A19103F-16F7-4668-BE54-9A1E7A4F7556}") = "APIRest_WEBBlazor.WEB", "APIRest_WEBBlazor.WEB\APIRest_WEBBlazor.WEB.csproj", "{AAD22EB6-A7C2-4466-8031-F6A5D2800DD4}"
EndProject
Global
	GlobalSection(SolutionConfigurationPlatforms) = preSolution
		Debug|Any CPU = Debug|Any CPU
		Release|Any CPU = Release|Any CPU
	EndGlobalSection
	GlobalSection(ProjectConfigurationPlatforms) = postSolution
		{FB14F250-C8E0-4065-90C9-39648F45563E}.Debug|Any CPU.ActiveCfg = Debug|Any CPU
		{FB14F250-C8E0-4065-90C9-39648F45563E}.Debug|Any CPU.Build.0 = Debug|Any CPU
		{FB14F250-C8E0-4065-90C9-39648F45563E}.Release|Any CPU.ActiveCfg = Release|Any CPU
		{FB14F250-C8E0-4065-90C9-39648F45563E}.Release|Any CPU.Build.0 = Release|Any CPU
		{15628D8E-CC69-4E74-A976-EB5308F6F4F1}.Debug|Any CPU.ActiveCfg = Debug|Any CPU
		{15628D8E-CC69-4E74-A976-EB5308F6F4F1}.Debug|Any CPU.Build.0 = Debug|Any CPU
		{15628D8E-CC69-4E74-A976-EB5308F6F4F1}.Release|Any CPU.ActiveCfg = Release|Any CPU
		{15628D8E-CC69-4E74-A976-EB5308F6F4F1}.Release|Any CPU.Build.0 = Release|Any CPU
		{AAD22EB6-A7C2-4466-8031-F6A5D2800DD4}.Debug|Any CPU.ActiveCfg = Debug|Any CPU
		{AAD22EB6-A7C2-4466-8031-F6A5D2800DD4}.Debug|Any CPU.Build.0 = Debug|Any CPU
		{AAD22EB6-A7C2-4466-8031-F6A5D2800DD4}.Release|Any CPU.ActiveCfg = Release|Any CPU
		{AAD22EB6-A7C2-4466-8031-F6A5D2800DD4}.Release|Any CPU.Build.0 = Release|Any CPU
	EndGlobalSection
	GlobalSection(SolutionProperties) = preSolution
		HideSolutionNode = FALSE
	EndGlobalSection
	GlobalSection(ExtensibilityGlobals) = postSolution
		SolutionGuid = {FA1B4DB8-4F31-45BE-9A96-0B9280F1CAB9}
	EndGlobalSection
EndGlobal
